
Microsoft Visual Studio Solution File, Format Version 11.00
# Visual Studio 2010
Project("{2150E333-8FDC-42A3-9474-1A3956D46DE8}") = "1 - Presentation Layer", "1 - Presentation Layer", "{0E27C54A-2C25-4AB3-9EB2-705D6CEFB873}"
EndProject
Project("{2150E333-8FDC-42A3-9474-1A3956D46DE8}") = "3 - Business Objects", "3 - Business Objects", "{B97FBA3D-E897-4497-8A71-207828CDBB84}"
EndProject
Project("{2150E333-8FDC-42A3-9474-1A3956D46DE8}") = "2 - Service Layer", "2 - Service Layer", "{C6C49593-E1D5-4212-98BA-FF53F7EB8C95}"
EndProject
Project("{2150E333-8FDC-42A3-9474-1A3956D46DE8}") = "4 - Data Access Layer", "4 - Data Access Layer", "{7D5DCAF7-83E1-4322-AC92-6C6F8171D8C8}"
EndProject
Project("{FAE04EC0-301F-11D3-BF4B-00C04F79EFBC}") = "NiCris.BusinessObjects", "NiCris.BusinessObjects\NiCris.BusinessObjects.csproj", "{9AF86FE2-2171-43BA-8070-0252471AE323}"
EndProject
Project("{FAE04EC0-301F-11D3-BF4B-00C04F79EFBC}") = "NiCris.CoreServices", "NiCris.CoreServices\NiCris.CoreServices.csproj", "{31440766-6444-4120-918B-EA9E7154F8B4}"
EndProject
Project("{FAE04EC0-301F-11D3-BF4B-00C04F79EFBC}") = "NiCris.WebAPI", "NiCris.WebAPI\NiCris.WebAPI.csproj", "{FC4B767C-1E23-4D9D-8D98-864C1F6AE443}"
EndProject
Project("{FAE04EC0-301F-11D3-BF4B-00C04F79EFBC}") = "NiCris.DataAccess", "NiCris.DataAccess\NiCris.DataAccess.csproj", "{F0D431B6-5FA6-465C-8D82-9BD19AD7C464}"
EndProject
Project("{FAE04EC0-301F-11D3-BF4B-00C04F79EFBC}") = "NiCris.Web", "NiCris.Web\NiCris.Web.csproj", "{A2CB96B9-781A-416C-BCCB-01161EC8AD61}"
EndProject
Project("{2150E333-8FDC-42A3-9474-1A3956D46DE8}") = "Simple Html Clients", "Simple Html Clients", "{52FE4BB2-B280-44F8-AC7A-AD9243C443E2}"
EndProject
Project("{2150E333-8FDC-42A3-9474-1A3956D46DE8}") = "ASP.NET MVC", "ASP.NET MVC", "{C63164D7-29CE-49A4-B6F2-7469F7D9EDB7}"
EndProject
Project("{2150E333-8FDC-42A3-9474-1A3956D46DE8}") = "Cross-Domain WebAPI", "Cross-Domain WebAPI", "{0D996B81-2FD8-465E-B3C0-B337B58EF0C1}"
EndProject
Project("{2150E333-8FDC-42A3-9474-1A3956D46DE8}") = "5 - Tests", "5 - Tests", "{9CCD7EB9-9F2C-45CB-A7D6-F48AAEFCFF01}"
EndProject
Project("{FAE04EC0-301F-11D3-BF4B-00C04F79EFBC}") = "NiCris.Mobile.Html.Country", "NiCris.Mobile.Html.Country\NiCris.Mobile.Html.Country.csproj", "{3D397F50-0EA2-45F3-B7C4-FE68FF62457A}"
EndProject
Project("{FAE04EC0-301F-11D3-BF4B-00C04F79EFBC}") = "NiCris.Mobile.Html.Product", "NiCris.Mobile.Html.Product\NiCris.Mobile.Html.Product.csproj", "{F9FF010F-2E03-4AB7-8AAE-7377B6338BCE}"
EndProject
Global
	GlobalSection(SolutionConfigurationPlatforms) = preSolution
		Debug|Any CPU = Debug|Any CPU
		Release|Any CPU = Release|Any CPU
	EndGlobalSection
	GlobalSection(ProjectConfigurationPlatforms) = postSolution
		{9AF86FE2-2171-43BA-8070-0252471AE323}.Debug|Any CPU.ActiveCfg = Debug|Any CPU
		{9AF86FE2-2171-43BA-8070-0252471AE323}.Debug|Any CPU.Build.0 = Debug|Any CPU
		{9AF86FE2-2171-43BA-8070-0252471AE323}.Release|Any CPU.ActiveCfg = Release|Any CPU
		{9AF86FE2-2171-43BA-8070-0252471AE323}.Release|Any CPU.Build.0 = Release|Any CPU
		{31440766-6444-4120-918B-EA9E7154F8B4}.Debug|Any CPU.ActiveCfg = Debug|Any CPU
		{31440766-6444-4120-918B-EA9E7154F8B4}.Debug|Any CPU.Build.0 = Debug|Any CPU
		{31440766-6444-4120-918B-EA9E7154F8B4}.Release|Any CPU.ActiveCfg = Release|Any CPU
		{31440766-6444-4120-918B-EA9E7154F8B4}.Release|Any CPU.Build.0 = Release|Any CPU
		{FC4B767C-1E23-4D9D-8D98-864C1F6AE443}.Debug|Any CPU.ActiveCfg = Debug|Any CPU
		{FC4B767C-1E23-4D9D-8D98-864C1F6AE443}.Debug|Any CPU.Build.0 = Debug|Any CPU
		{FC4B767C-1E23-4D9D-8D98-864C1F6AE443}.Release|Any CPU.ActiveCfg = Release|Any CPU
		{FC4B767C-1E23-4D9D-8D98-864C1F6AE443}.Release|Any CPU.Build.0 = Release|Any CPU
		{F0D431B6-5FA6-465C-8D82-9BD19AD7C464}.Debug|Any CPU.ActiveCfg = Debug|Any CPU
		{F0D431B6-5FA6-465C-8D82-9BD19AD7C464}.Debug|Any CPU.Build.0 = Debug|Any CPU
		{F0D431B6-5FA6-465C-8D82-9BD19AD7C464}.Release|Any CPU.ActiveCfg = Release|Any CPU
		{F0D431B6-5FA6-465C-8D82-9BD19AD7C464}.Release|Any CPU.Build.0 = Release|Any CPU
		{A2CB96B9-781A-416C-BCCB-01161EC8AD61}.Debug|Any CPU.ActiveCfg = Debug|Any CPU
		{A2CB96B9-781A-416C-BCCB-01161EC8AD61}.Debug|Any CPU.Build.0 = Debug|Any CPU
		{A2CB96B9-781A-416C-BCCB-01161EC8AD61}.Release|Any CPU.ActiveCfg = Release|Any CPU
		{A2CB96B9-781A-416C-BCCB-01161EC8AD61}.Release|Any CPU.Build.0 = Release|Any CPU
		{3D397F50-0EA2-45F3-B7C4-FE68FF62457A}.Debug|Any CPU.ActiveCfg = Debug|Any CPU
		{3D397F50-0EA2-45F3-B7C4-FE68FF62457A}.Debug|Any CPU.Build.0 = Debug|Any CPU
		{3D397F50-0EA2-45F3-B7C4-FE68FF62457A}.Release|Any CPU.ActiveCfg = Release|Any CPU
		{3D397F50-0EA2-45F3-B7C4-FE68FF62457A}.Release|Any CPU.Build.0 = Release|Any CPU
		{F9FF010F-2E03-4AB7-8AAE-7377B6338BCE}.Debug|Any CPU.ActiveCfg = Debug|Any CPU
		{F9FF010F-2E03-4AB7-8AAE-7377B6338BCE}.Debug|Any CPU.Build.0 = Debug|Any CPU
		{F9FF010F-2E03-4AB7-8AAE-7377B6338BCE}.Release|Any CPU.ActiveCfg = Release|Any CPU
		{F9FF010F-2E03-4AB7-8AAE-7377B6338BCE}.Release|Any CPU.Build.0 = Release|Any CPU
	EndGlobalSection
	GlobalSection(SolutionProperties) = preSolution
		HideSolutionNode = FALSE
	EndGlobalSection
	GlobalSection(NestedProjects) = preSolution
		{0D996B81-2FD8-465E-B3C0-B337B58EF0C1} = {0E27C54A-2C25-4AB3-9EB2-705D6CEFB873}
		{C63164D7-29CE-49A4-B6F2-7469F7D9EDB7} = {0E27C54A-2C25-4AB3-9EB2-705D6CEFB873}
		{52FE4BB2-B280-44F8-AC7A-AD9243C443E2} = {0E27C54A-2C25-4AB3-9EB2-705D6CEFB873}
		{9AF86FE2-2171-43BA-8070-0252471AE323} = {B97FBA3D-E897-4497-8A71-207828CDBB84}
		{31440766-6444-4120-918B-EA9E7154F8B4} = {C6C49593-E1D5-4212-98BA-FF53F7EB8C95}
		{F0D431B6-5FA6-465C-8D82-9BD19AD7C464} = {7D5DCAF7-83E1-4322-AC92-6C6F8171D8C8}
		{FC4B767C-1E23-4D9D-8D98-864C1F6AE443} = {0D996B81-2FD8-465E-B3C0-B337B58EF0C1}
		{A2CB96B9-781A-416C-BCCB-01161EC8AD61} = {C63164D7-29CE-49A4-B6F2-7469F7D9EDB7}
		{3D397F50-0EA2-45F3-B7C4-FE68FF62457A} = {52FE4BB2-B280-44F8-AC7A-AD9243C443E2}
		{F9FF010F-2E03-4AB7-8AAE-7377B6338BCE} = {52FE4BB2-B280-44F8-AC7A-AD9243C443E2}
	EndGlobalSection
	GlobalSection(ExtensibilityGlobals) = postSolution
		EnterpriseLibraryConfigurationToolBinariesPath = packages\Unity.2.1.505.2\lib\NET35
	EndGlobalSection
EndGlobal
